# This is a Gradle generated file for dependency locking.
# Manual edits can break the build and are not advised.
# This file is expected to be part of source control.
antlr:antlr:2.7.7
com.fasterxml:classmate:1.3.4
com.google.auto.value:auto-value-annotations:1.6.3
com.google.code.findbugs:jsr305:3.0.2
com.google.errorprone:error_prone_annotations:2.3.1
com.google.guava:failureaccess:1.0.1
com.google.guava:guava:27.0.1-android
com.google.guava:listenablefuture:9999.0-empty-to-avoid-conflict-with-guava
com.google.j2objc:j2objc-annotations:1.1
com.google.truth.extensions:truth-java8-extension:0.45
com.google.truth:truth:0.45
com.googlecode.java-diff-utils:diffutils:1.3.0
com.kohlschutter.junixsocket:junixsocket-common:2.0.4
com.kohlschutter.junixsocket:junixsocket-native-common:2.0.4
com.sun.istack:istack-commons-runtime:3.0.7
com.sun.xml.fastinfoset:FastInfoset:1.2.15
com.zaxxer:HikariCP:3.3.1
javax.activation:javax.activation-api:1.2.0
javax.annotation:javax.annotation-api:1.3.2
javax.persistence:javax.persistence-api:2.2
javax.xml.bind:jaxb-api:2.3.1
junit:junit:4.13-beta-2
net.bytebuddy:byte-buddy:1.9.5
net.java.dev.jna:jna-platform:5.2.0
net.java.dev.jna:jna:5.2.0
org.apache.commons:commons-compress:1.18
org.checkerframework:checker-compat-qual:2.5.5
org.codehaus.mojo:animal-sniffer-annotations:1.17
org.dom4j:dom4j:2.1.1
org.flywaydb:flyway-core:5.2.4
org.glassfish.jaxb:jaxb-runtime:2.3.1
org.glassfish.jaxb:txw2:2.3.1
org.hamcrest:hamcrest-core:1.3
org.hibernate.common:hibernate-commons-annotations:5.1.0.Final
org.hibernate:hibernate-core:5.4.1.Final
org.hibernate:hibernate-hikaricp:5.4.1.Final
org.javassist:javassist:3.24.0-GA
org.jboss.logging:jboss-logging:3.3.2.Final
org.jboss.spec.javax.transaction:jboss-transaction-api_1.2_spec:1.1.1.Final
org.jboss:jandex:2.0.5.Final
org.jetbrains:annotations:16.0.3
org.jvnet.staxex:stax-ex:1.8
org.reflections:reflections:0.9.11
org.rnorth.duct-tape:duct-tape:1.0.7
org.rnorth.visible-assertions:visible-assertions:2.1.2
org.rnorth:tcp-unix-socket-proxy:1.0.2
org.scijava:native-lib-loader:2.0.2
org.slf4j:slf4j-api:1.7.25
org.testcontainers:database-commons:1.10.6
org.testcontainers:jdbc:1.10.6
org.testcontainers:postgresql:1.10.6
org.testcontainers:testcontainers:1.10.6
