# This is a Gradle generated file for dependency locking.
# Manual edits can break the build and are not advised.
# This file is expected to be part of source control.
com.diffplug.durian:durian-collect:1.2.0
com.diffplug.durian:durian-core:1.2.0
com.diffplug.durian:durian-io:1.2.0
com.diffplug.gradle.spotless:com.diffplug.gradle.spotless.gradle.plugin:3.18.0
com.diffplug.spotless:spotless-lib-extra:1.18.0
com.diffplug.spotless:spotless-lib:1.18.0
com.diffplug.spotless:spotless-plugin-gradle:3.18.0
com.googlecode.concurrent-trees:concurrent-trees:2.6.1
com.googlecode.javaewah:JavaEWAH:1.1.6
com.jcraft:jsch:0.1.54
commons-codec:commons-codec:1.6
commons-logging:commons-logging:1.1.3
org.apache.httpcomponents:httpclient:4.3.6
org.apache.httpcomponents:httpcore:4.3.3
org.codehaus.groovy:groovy-xml:2.4.7
org.codehaus.groovy:groovy:2.4.7
org.eclipse.jgit:org.eclipse.jgit:4.9.0.201710071750-r
org.slf4j:slf4j-api:1.7.2
